
Microsoft Visual Studio Solution File, Format Version 12.00
# Visual Studio Version 17
VisualStudioVersion = 17.8.34330.188
MinimumVisualStudioVersion = 10.0.40219.1
Project("{9A19103F-16F7-4668-BE54-9A1E7A4F7556}") = "TechBlog.Api", "src\TechBlog.Api\TechBlog.Api.csproj", "{353CE211-7CDE-49F9-8FD6-2427FDCBAB5D}"
EndProject
Project("{9A19103F-16F7-4668-BE54-9A1E7A4F7556}") = "TechBlog.Core", "src\TechBlog.Core\TechBlog.Core.csproj", "{1EAE4B43-0F4C-4A8B-B326-4DA171E22E96}"
EndProject
Project("{9A19103F-16F7-4668-BE54-9A1E7A4F7556}") = "TechBlog.Data", "src\TechBlog.Data\TechBlog.Data.csproj", "{FA6320EF-EF82-4EAB-A968-080A5E958A3E}"
EndProject
Project("{9A19103F-16F7-4668-BE54-9A1E7A4F7556}") = "TechBlog.WebApp", "src\TechBlog.WebApp\TechBlog.WebApp.csproj", "{72E4FD07-B883-4F4A-9D3A-BE7AAA74075C}"
EndProject
Project("{FAE04EC0-301F-11D3-BF4B-00C04F79EFBC}") = "TechBlog.Utilities", "src\TechBlog.Utilities\TechBlog.Utilities.csproj", "{2F65612F-C798-450C-868A-0453CADDD241}"
EndProject
Global
	GlobalSection(SolutionConfigurationPlatforms) = preSolution
		Debug|Any CPU = Debug|Any CPU
		Release|Any CPU = Release|Any CPU
	EndGlobalSection
	GlobalSection(ProjectConfigurationPlatforms) = postSolution
		{353CE211-7CDE-49F9-8FD6-2427FDCBAB5D}.Debug|Any CPU.ActiveCfg = Debug|Any CPU
		{353CE211-7CDE-49F9-8FD6-2427FDCBAB5D}.Debug|Any CPU.Build.0 = Debug|Any CPU
		{353CE211-7CDE-49F9-8FD6-2427FDCBAB5D}.Release|Any CPU.ActiveCfg = Release|Any CPU
		{353CE211-7CDE-49F9-8FD6-2427FDCBAB5D}.Release|Any CPU.Build.0 = Release|Any CPU
		{1EAE4B43-0F4C-4A8B-B326-4DA171E22E96}.Debug|Any CPU.ActiveCfg = Debug|Any CPU
		{1EAE4B43-0F4C-4A8B-B326-4DA171E22E96}.Debug|Any CPU.Build.0 = Debug|Any CPU
		{1EAE4B43-0F4C-4A8B-B326-4DA171E22E96}.Release|Any CPU.ActiveCfg = Release|Any CPU
		{1EAE4B43-0F4C-4A8B-B326-4DA171E22E96}.Release|Any CPU.Build.0 = Release|Any CPU
		{FA6320EF-EF82-4EAB-A968-080A5E958A3E}.Debug|Any CPU.ActiveCfg = Debug|Any CPU
		{FA6320EF-EF82-4EAB-A968-080A5E958A3E}.Debug|Any CPU.Build.0 = Debug|Any CPU
		{FA6320EF-EF82-4EAB-A968-080A5E958A3E}.Release|Any CPU.ActiveCfg = Release|Any CPU
		{FA6320EF-EF82-4EAB-A968-080A5E958A3E}.Release|Any CPU.Build.0 = Release|Any CPU
		{72E4FD07-B883-4F4A-9D3A-BE7AAA74075C}.Debug|Any CPU.ActiveCfg = Debug|Any CPU
		{72E4FD07-B883-4F4A-9D3A-BE7AAA74075C}.Debug|Any CPU.Build.0 = Debug|Any CPU
		{72E4FD07-B883-4F4A-9D3A-BE7AAA74075C}.Release|Any CPU.ActiveCfg = Release|Any CPU
		{72E4FD07-B883-4F4A-9D3A-BE7AAA74075C}.Release|Any CPU.Build.0 = Release|Any CPU
		{2F65612F-C798-450C-868A-0453CADDD241}.Debug|Any CPU.ActiveCfg = Debug|Any CPU
		{2F65612F-C798-450C-868A-0453CADDD241}.Debug|Any CPU.Build.0 = Debug|Any CPU
		{2F65612F-C798-450C-868A-0453CADDD241}.Release|Any CPU.ActiveCfg = Release|Any CPU
		{2F65612F-C798-450C-868A-0453CADDD241}.Release|Any CPU.Build.0 = Release|Any CPU
	EndGlobalSection
	GlobalSection(SolutionProperties) = preSolution
		HideSolutionNode = FALSE
	EndGlobalSection
	GlobalSection(ExtensibilityGlobals) = postSolution
		SolutionGuid = {F68CA5CA-634D-43A4-9577-6DE69A6E3F12}
	EndGlobalSection
EndGlobal
